
Microsoft Visual Studio Solution File, Format Version 12.00
# Visual Studio Version 17
VisualStudioVersion = 17.4.33122.133
MinimumVisualStudioVersion = 10.0.40219.1
Project("{FAE04EC0-301F-11D3-BF4B-00C04F79EFBC}") = "MultiShop", "MultiShop\MultiShop.csproj", "{951E0C58-621A-4D39-9C4E-488C4B40040D}"
EndProject
Global
	GlobalSection(SolutionConfigurationPlatforms) = preSolution
		Debug|Any CPU = Debug|Any CPU
		Release|Any CPU = Release|Any CPU
	EndGlobalSection
	GlobalSection(ProjectConfigurationPlatforms) = postSolution
		{951E0C58-621A-4D39-9C4E-488C4B40040D}.Debug|Any CPU.ActiveCfg = Debug|Any CPU
		{951E0C58-621A-4D39-9C4E-488C4B40040D}.Debug|Any CPU.Build.0 = Debug|Any CPU
		{951E0C58-621A-4D39-9C4E-488C4B40040D}.Release|Any CPU.ActiveCfg = Release|Any CPU
		{951E0C58-621A-4D39-9C4E-488C4B40040D}.Release|Any CPU.Build.0 = Release|Any CPU
	EndGlobalSection
	GlobalSection(SolutionProperties) = preSolution
		HideSolutionNode = FALSE
	EndGlobalSection
	GlobalSection(ExtensibilityGlobals) = postSolution
		SolutionGuid = {37710271-5A3E-4B7E-90AA-B046D5F370A3}
	EndGlobalSection
EndGlobal
